// !$*UTF8*$!
{
	archiveVersion = 1;
	classes = {
	};
	objectVersion = 56;
	objects = {

/* Begin PBXBuildFile section */
		251187372A59373D00D24597 /* CustomNavigationBar.swift in Sources */ = {isa = PBXBuildFile; fileRef = 251187362A59373D00D24597 /* CustomNavigationBar.swift */; };
		251187392A59375E00D24597 /* NavigationBarIcon.swift in Sources */ = {isa = PBXBuildFile; fileRef = 251187382A59375E00D24597 /* NavigationBarIcon.swift */; };
		251187422A59CC9800D24597 /* User.swift in Sources */ = {isa = PBXBuildFile; fileRef = 251187412A59CC9800D24597 /* User.swift */; };
		251C77DC2A558AEA00D36462 /* loading.lottie in Resources */ = {isa = PBXBuildFile; fileRef = 251C77DB2A558AE900D36462 /* loading.lottie */; };
		2568CE902A576D3500AC5571 /* EventsView.swift in Sources */ = {isa = PBXBuildFile; fileRef = 2568CE8F2A576D3500AC5571 /* EventsView.swift */; };
		2568CE922A576D4500AC5571 /* MoviesView.swift in Sources */ = {isa = PBXBuildFile; fileRef = 2568CE912A576D4500AC5571 /* MoviesView.swift */; };
		2568CE942A576D5000AC5571 /* ProfileView.swift in Sources */ = {isa = PBXBuildFile; fileRef = 2568CE932A576D5000AC5571 /* ProfileView.swift */; };
		2568CE962A576DD900AC5571 /* TabItemView.swift in Sources */ = {isa = PBXBuildFile; fileRef = 2568CE952A576DD900AC5571 /* TabItemView.swift */; };
		257D93592A528D810047DDEC /* LoginTabView.swift in Sources */ = {isa = PBXBuildFile; fileRef = 257D93582A528D810047DDEC /* LoginTabView.swift */; };
		257D935B2A528E3D0047DDEC /* SignUpTabView.swift in Sources */ = {isa = PBXBuildFile; fileRef = 257D935A2A528E3D0047DDEC /* SignUpTabView.swift */; };
		257D935D2A528EF40047DDEC /* CustomTextField.swift in Sources */ = {isa = PBXBuildFile; fileRef = 257D935C2A528EF40047DDEC /* CustomTextField.swift */; };
		258703812A549444000A0218 /* LottieView.swift in Sources */ = {isa = PBXBuildFile; fileRef = 258703802A549444000A0218 /* LottieView.swift */; };
		259483BF2A54513F00152705 /* UserViewModel.swift in Sources */ = {isa = PBXBuildFile; fileRef = 259483BE2A54513F00152705 /* UserViewModel.swift */; };
		25A25C7C2A50C23E00FEFDED /* MovieNightPlannerApp.swift in Sources */ = {isa = PBXBuildFile; fileRef = 25A25C7B2A50C23E00FEFDED /* MovieNightPlannerApp.swift */; };
		25A25C7E2A50C23E00FEFDED /* ContentView.swift in Sources */ = {isa = PBXBuildFile; fileRef = 25A25C7D2A50C23E00FEFDED /* ContentView.swift */; };
		25A25C802A50C23F00FEFDED /* Assets.xcassets in Resources */ = {isa = PBXBuildFile; fileRef = 25A25C7F2A50C23F00FEFDED /* Assets.xcassets */; };
		25A25C832A50C23F00FEFDED /* Preview Assets.xcassets in Resources */ = {isa = PBXBuildFile; fileRef = 25A25C822A50C23F00FEFDED /* Preview Assets.xcassets */; };
		25A25C8A2A50C2AA00FEFDED /* GoogleService-Info.plist in Resources */ = {isa = PBXBuildFile; fileRef = 25A25C892A50C2AA00FEFDED /* GoogleService-Info.plist */; };
		25AC4F562A55CD6A00152AF2 /* TabView.swift in Sources */ = {isa = PBXBuildFile; fileRef = 25AC4F552A55CD6A00152AF2 /* TabView.swift */; };
		25AC4F582A55D42F00152AF2 /* WelcomeView.swift in Sources */ = {isa = PBXBuildFile; fileRef = 25AC4F572A55D42F00152AF2 /* WelcomeView.swift */; };
		25CCB7E52A5AAE0700FBA93F /* ProfileViewModel.swift in Sources */ = {isa = PBXBuildFile; fileRef = 25CCB7E42A5AAE0700FBA93F /* ProfileViewModel.swift */; };
		25DDC6602A56F4B1006C43BD /* Tabs.swift in Sources */ = {isa = PBXBuildFile; fileRef = 25DDC65F2A56F4B1006C43BD /* Tabs.swift */; };
		25ED7B722A5C741C000A9F6B /* Constants.swift in Sources */ = {isa = PBXBuildFile; fileRef = 25ED7B712A5C741C000A9F6B /* Constants.swift */; };
		25ED7B742A5CA719000A9F6B /* CustomScrollView.swift in Sources */ = {isa = PBXBuildFile; fileRef = 25ED7B732A5CA719000A9F6B /* CustomScrollView.swift */; };
		25EE718E2A5152C800B790BB /* Extensions.swift in Sources */ = {isa = PBXBuildFile; fileRef = 25EE718D2A5152C800B790BB /* Extensions.swift */; };
		25EE71902A5152FE00B790BB /* Blur.swift in Sources */ = {isa = PBXBuildFile; fileRef = 25EE718F2A5152FE00B790BB /* Blur.swift */; };
		25EE71972A51855B00B790BB /* AutoScrollBackgroundView.swift in Sources */ = {isa = PBXBuildFile; fileRef = 25EE71962A51855B00B790BB /* AutoScrollBackgroundView.swift */; };
		25EE71992A51AE6200B790BB /* MoviePosterView.swift in Sources */ = {isa = PBXBuildFile; fileRef = 25EE71982A51AE6200B790BB /* MoviePosterView.swift */; };
		6EDBD6ED30C2AE7C79D7253C /* Pods_MovieNightPlanner.framework in Frameworks */ = {isa = PBXBuildFile; fileRef = 45F8251BBB09A505B3048874 /* Pods_MovieNightPlanner.framework */; };
/* End PBXBuildFile section */

/* Begin PBXFileReference section */
		251187362A59373D00D24597 /* CustomNavigationBar.swift */ = {isa = PBXFileReference; lastKnownFileType = sourcecode.swift; path = CustomNavigationBar.swift; sourceTree = "<group>"; };
		251187382A59375E00D24597 /* NavigationBarIcon.swift */ = {isa = PBXFileReference; lastKnownFileType = sourcecode.swift; path = NavigationBarIcon.swift; sourceTree = "<group>"; };
		251187412A59CC9800D24597 /* User.swift */ = {isa = PBXFileReference; lastKnownFileType = sourcecode.swift; path = User.swift; sourceTree = "<group>"; };
		251C77DB2A558AE900D36462 /* loading.lottie */ = {isa = PBXFileReference; lastKnownFileType = file; path = loading.lottie; sourceTree = "<group>"; };
		2568CE8F2A576D3500AC5571 /* EventsView.swift */ = {isa = PBXFileReference; lastKnownFileType = sourcecode.swift; path = EventsView.swift; sourceTree = "<group>"; };
		2568CE912A576D4500AC5571 /* MoviesView.swift */ = {isa = PBXFileReference; lastKnownFileType = sourcecode.swift; path = MoviesView.swift; sourceTree = "<group>"; };
		2568CE932A576D5000AC5571 /* ProfileView.swift */ = {isa = PBXFileReference; lastKnownFileType = sourcecode.swift; path = ProfileView.swift; sourceTree = "<group>"; };
		2568CE952A576DD900AC5571 /* TabItemView.swift */ = {isa = PBXFileReference; lastKnownFileType = sourcecode.swift; path = TabItemView.swift; sourceTree = "<group>"; };
		257D93582A528D810047DDEC /* LoginTabView.swift */ = {isa = PBXFileReference; lastKnownFileType = sourcecode.swift; path = LoginTabView.swift; sourceTree = "<group>"; };
		257D935A2A528E3D0047DDEC /* SignUpTabView.swift */ = {isa = PBXFileReference; lastKnownFileType = sourcecode.swift; path = SignUpTabView.swift; sourceTree = "<group>"; };
		257D935C2A528EF40047DDEC /* CustomTextField.swift */ = {isa = PBXFileReference; lastKnownFileType = sourcecode.swift; path = CustomTextField.swift; sourceTree = "<group>"; };
		258703802A549444000A0218 /* LottieView.swift */ = {isa = PBXFileReference; lastKnownFileType = sourcecode.swift; path = LottieView.swift; sourceTree = "<group>"; };
		259483BE2A54513F00152705 /* UserViewModel.swift */ = {isa = PBXFileReference; lastKnownFileType = sourcecode.swift; path = UserViewModel.swift; sourceTree = "<group>"; };
		25A25C782A50C23E00FEFDED /* MovieNightPlanner.app */ = {isa = PBXFileReference; explicitFileType = wrapper.application; includeInIndex = 0; path = MovieNightPlanner.app; sourceTree = BUILT_PRODUCTS_DIR; };
		25A25C7B2A50C23E00FEFDED /* MovieNightPlannerApp.swift */ = {isa = PBXFileReference; lastKnownFileType = sourcecode.swift; path = MovieNightPlannerApp.swift; sourceTree = "<group>"; };
		25A25C7D2A50C23E00FEFDED /* ContentView.swift */ = {isa = PBXFileReference; lastKnownFileType = sourcecode.swift; path = ContentView.swift; sourceTree = "<group>"; };
		25A25C7F2A50C23F00FEFDED /* Assets.xcassets */ = {isa = PBXFileReference; lastKnownFileType = folder.assetcatalog; path = Assets.xcassets; sourceTree = "<group>"; };
		25A25C822A50C23F00FEFDED /* Preview Assets.xcassets */ = {isa = PBXFileReference; lastKnownFileType = folder.assetcatalog; path = "Preview Assets.xcassets"; sourceTree = "<group>"; };
		25A25C892A50C2AA00FEFDED /* GoogleService-Info.plist */ = {isa = PBXFileReference; fileEncoding = 4; lastKnownFileType = text.plist.xml; path = "GoogleService-Info.plist"; sourceTree = "<group>"; };
		25AC4F552A55CD6A00152AF2 /* TabView.swift */ = {isa = PBXFileReference; lastKnownFileType = sourcecode.swift; path = TabView.swift; sourceTree = "<group>"; };
		25AC4F572A55D42F00152AF2 /* WelcomeView.swift */ = {isa = PBXFileReference; lastKnownFileType = sourcecode.swift; path = WelcomeView.swift; sourceTree = "<group>"; };
		25AC4F5B2A55E9DD00152AF2 /* Info.plist */ = {isa = PBXFileReference; lastKnownFileType = text.plist.xml; path = Info.plist; sourceTree = "<group>"; };
		25CCB7E42A5AAE0700FBA93F /* ProfileViewModel.swift */ = {isa = PBXFileReference; fileEncoding = 4; lastKnownFileType = sourcecode.swift; path = ProfileViewModel.swift; sourceTree = "<group>"; };
		25DDC65F2A56F4B1006C43BD /* Tabs.swift */ = {isa = PBXFileReference; lastKnownFileType = sourcecode.swift; path = Tabs.swift; sourceTree = "<group>"; };
		25ED7B712A5C741C000A9F6B /* Constants.swift */ = {isa = PBXFileReference; lastKnownFileType = sourcecode.swift; path = Constants.swift; sourceTree = "<group>"; };
		25ED7B732A5CA719000A9F6B /* CustomScrollView.swift */ = {isa = PBXFileReference; lastKnownFileType = sourcecode.swift; path = CustomScrollView.swift; sourceTree = "<group>"; };
		25EE718D2A5152C800B790BB /* Extensions.swift */ = {isa = PBXFileReference; lastKnownFileType = sourcecode.swift; path = Extensions.swift; sourceTree = "<group>"; };
		25EE718F2A5152FE00B790BB /* Blur.swift */ = {isa = PBXFileReference; lastKnownFileType = sourcecode.swift; path = Blur.swift; sourceTree = "<group>"; };
		25EE71962A51855B00B790BB /* AutoScrollBackgroundView.swift */ = {isa = PBXFileReference; lastKnownFileType = sourcecode.swift; path = AutoScrollBackgroundView.swift; sourceTree = "<group>"; };
		25EE71982A51AE6200B790BB /* MoviePosterView.swift */ = {isa = PBXFileReference; lastKnownFileType = sourcecode.swift; path = MoviePosterView.swift; sourceTree = "<group>"; };
		45F8251BBB09A505B3048874 /* Pods_MovieNightPlanner.framework */ = {isa = PBXFileReference; explicitFileType = wrapper.framework; includeInIndex = 0; path = Pods_MovieNightPlanner.framework; sourceTree = BUILT_PRODUCTS_DIR; };
		6EE2D5F19F741C77C6B45854 /* Pods-MovieNightPlanner.release.xcconfig */ = {isa = PBXFileReference; includeInIndex = 1; lastKnownFileType = text.xcconfig; name = "Pods-MovieNightPlanner.release.xcconfig"; path = "Target Support Files/Pods-MovieNightPlanner/Pods-MovieNightPlanner.release.xcconfig"; sourceTree = "<group>"; };
		74AE4185B387BF28F266829A /* Pods-MovieNightPlanner.debug.xcconfig */ = {isa = PBXFileReference; includeInIndex = 1; lastKnownFileType = text.xcconfig; name = "Pods-MovieNightPlanner.debug.xcconfig"; path = "Target Support Files/Pods-MovieNightPlanner/Pods-MovieNightPlanner.debug.xcconfig"; sourceTree = "<group>"; };
/* End PBXFileReference section */

/* Begin PBXFrameworksBuildPhase section */
		25A25C752A50C23E00FEFDED /* Frameworks */ = {
			isa = PBXFrameworksBuildPhase;
			buildActionMask = 2147483647;
			files = (
				6EDBD6ED30C2AE7C79D7253C /* Pods_MovieNightPlanner.framework in Frameworks */,
			);
			runOnlyForDeploymentPostprocessing = 0;
		};
/* End PBXFrameworksBuildPhase section */

/* Begin PBXGroup section */
		251187402A59CC8B00D24597 /* Models */ = {
			isa = PBXGroup;
			children = (
				251187412A59CC9800D24597 /* User.swift */,
			);
			path = Models;
			sourceTree = "<group>";
		};
		2568CE8C2A576CAB00AC5571 /* EventsView */ = {
			isa = PBXGroup;
			children = (
				2568CE8F2A576D3500AC5571 /* EventsView.swift */,
			);
			path = EventsView;
			sourceTree = "<group>";
		};
		2568CE8D2A576CED00AC5571 /* MoviesView */ = {
			isa = PBXGroup;
			children = (
				2568CE912A576D4500AC5571 /* MoviesView.swift */,
			);
			path = MoviesView;
			sourceTree = "<group>";
		};
		2568CE8E2A576CFB00AC5571 /* ProfileView */ = {
			isa = PBXGroup;
			children = (
				2568CE932A576D5000AC5571 /* ProfileView.swift */,
			);
			path = ProfileView;
			sourceTree = "<group>";
		};
		256E9FBA2A56DB3100FF4577 /* TabView */ = {
			isa = PBXGroup;
			children = (
				25AC4F552A55CD6A00152AF2 /* TabView.swift */,
				2568CE8C2A576CAB00AC5571 /* EventsView */,
				2568CE8D2A576CED00AC5571 /* MoviesView */,
				2568CE8E2A576CFB00AC5571 /* ProfileView */,
			);
			path = TabView;
			sourceTree = "<group>";
		};
		257D93572A528D6C0047DDEC /* LoginView */ = {
			isa = PBXGroup;
			children = (
				25AC4F572A55D42F00152AF2 /* WelcomeView.swift */,
				257D93582A528D810047DDEC /* LoginTabView.swift */,
				257D935A2A528E3D0047DDEC /* SignUpTabView.swift */,
			);
			path = LoginView;
			sourceTree = "<group>";
		};
		2587037B2A5493E5000A0218 /* Lottie Files */ = {
			isa = PBXGroup;
			children = (
				251C77DB2A558AE900D36462 /* loading.lottie */,
			);
			path = "Lottie Files";
			sourceTree = "<group>";
		};
		259483BD2A54512900152705 /* ViewModels */ = {
			isa = PBXGroup;
			children = (
				259483BE2A54513F00152705 /* UserViewModel.swift */,
				25CCB7E42A5AAE0700FBA93F /* ProfileViewModel.swift */,
			);
			path = ViewModels;
			sourceTree = "<group>";
		};
		25A25C6F2A50C23E00FEFDED = {
			isa = PBXGroup;
			children = (
				25A25C7A2A50C23E00FEFDED /* MovieNightPlanner */,
				25A25C792A50C23E00FEFDED /* Products */,
				B984043397442A4F922B6457 /* Pods */,
				5734C7BE87A66725DFE8A84A /* Frameworks */,
			);
			sourceTree = "<group>";
		};
		25A25C792A50C23E00FEFDED /* Products */ = {
			isa = PBXGroup;
			children = (
				25A25C782A50C23E00FEFDED /* MovieNightPlanner.app */,
			);
			name = Products;
			sourceTree = "<group>";
		};
		25A25C7A2A50C23E00FEFDED /* MovieNightPlanner */ = {
			isa = PBXGroup;
			children = (
				25AC4F5B2A55E9DD00152AF2 /* Info.plist */,
				25EE71932A515D1700B790BB /* Core */,
				25EE71922A515D0900B790BB /* Views */,
				251187402A59CC8B00D24597 /* Models */,
				259483BD2A54512900152705 /* ViewModels */,
				25EE71952A51848100B790BB /* Components */,
				25EE71942A515D2500B790BB /* Utils */,
				2587037B2A5493E5000A0218 /* Lottie Files */,
				25A25C7F2A50C23F00FEFDED /* Assets.xcassets */,
				25A25C812A50C23F00FEFDED /* Preview Content */,
			);
			path = MovieNightPlanner;
			sourceTree = "<group>";
		};
		25A25C812A50C23F00FEFDED /* Preview Content */ = {
			isa = PBXGroup;
			children = (
				25A25C822A50C23F00FEFDED /* Preview Assets.xcassets */,
			);
			path = "Preview Content";
			sourceTree = "<group>";
		};
		25EE71922A515D0900B790BB /* Views */ = {
			isa = PBXGroup;
			children = (
				25A25C7D2A50C23E00FEFDED /* ContentView.swift */,
				257D93572A528D6C0047DDEC /* LoginView */,
				256E9FBA2A56DB3100FF4577 /* TabView */,
			);
			path = Views;
			sourceTree = "<group>";
		};
		25EE71932A515D1700B790BB /* Core */ = {
			isa = PBXGroup;
			children = (
				25A25C892A50C2AA00FEFDED /* GoogleService-Info.plist */,
				25A25C7B2A50C23E00FEFDED /* MovieNightPlannerApp.swift */,
			);
			path = Core;
			sourceTree = "<group>";
		};
		25EE71942A515D2500B790BB /* Utils */ = {
			isa = PBXGroup;
			children = (
				25DDC65F2A56F4B1006C43BD /* Tabs.swift */,
				25EE718F2A5152FE00B790BB /* Blur.swift */,
				25EE718D2A5152C800B790BB /* Extensions.swift */,
				25ED7B712A5C741C000A9F6B /* Constants.swift */,
			);
			path = Utils;
			sourceTree = "<group>";
		};
		25EE71952A51848100B790BB /* Components */ = {
			isa = PBXGroup;
			children = (
				258703802A549444000A0218 /* LottieView.swift */,
				25EE71962A51855B00B790BB /* AutoScrollBackgroundView.swift */,
				25EE71982A51AE6200B790BB /* MoviePosterView.swift */,
				257D935C2A528EF40047DDEC /* CustomTextField.swift */,
				2568CE952A576DD900AC5571 /* TabItemView.swift */,
				251187362A59373D00D24597 /* CustomNavigationBar.swift */,
				251187382A59375E00D24597 /* NavigationBarIcon.swift */,
				25ED7B732A5CA719000A9F6B /* CustomScrollView.swift */,
			);
			path = Components;
			sourceTree = "<group>";
		};
		5734C7BE87A66725DFE8A84A /* Frameworks */ = {
			isa = PBXGroup;
			children = (
				45F8251BBB09A505B3048874 /* Pods_MovieNightPlanner.framework */,
			);
			name = Frameworks;
			sourceTree = "<group>";
		};
		B984043397442A4F922B6457 /* Pods */ = {
			isa = PBXGroup;
			children = (
				74AE4185B387BF28F266829A /* Pods-MovieNightPlanner.debug.xcconfig */,
				6EE2D5F19F741C77C6B45854 /* Pods-MovieNightPlanner.release.xcconfig */,
			);
			path = Pods;
			sourceTree = "<group>";
		};
/* End PBXGroup section */

/* Begin PBXNativeTarget section */
		25A25C772A50C23E00FEFDED /* MovieNightPlanner */ = {
			isa = PBXNativeTarget;
			buildConfigurationList = 25A25C862A50C23F00FEFDED /* Build configuration list for PBXNativeTarget "MovieNightPlanner" */;
			buildPhases = (
				8BFD2F76D66C3A03ACD6069E /* [CP] Check Pods Manifest.lock */,
				25A25C742A50C23E00FEFDED /* Sources */,
				25A25C752A50C23E00FEFDED /* Frameworks */,
				25A25C762A50C23E00FEFDED /* Resources */,
				A10F4E15F4BB9E9F9A20E0DF /* [CP] Embed Pods Frameworks */,
			);
			buildRules = (
			);
			dependencies = (
			);
			name = MovieNightPlanner;
			productName = MovieNightPlanner;
			productReference = 25A25C782A50C23E00FEFDED /* MovieNightPlanner.app */;
			productType = "com.apple.product-type.application";
		};
/* End PBXNativeTarget section */

/* Begin PBXProject section */
		25A25C702A50C23E00FEFDED /* Project object */ = {
			isa = PBXProject;
			attributes = {
				BuildIndependentTargetsInParallel = 1;
				LastSwiftUpdateCheck = 1420;
				LastUpgradeCheck = 1420;
				TargetAttributes = {
					25A25C772A50C23E00FEFDED = {
						CreatedOnToolsVersion = 14.2;
					};
				};
			};
			buildConfigurationList = 25A25C732A50C23E00FEFDED /* Build configuration list for PBXProject "MovieNightPlanner" */;
			compatibilityVersion = "Xcode 14.0";
			developmentRegion = en;
			hasScannedForEncodings = 0;
			knownRegions = (
				en,
				Base,
			);
			mainGroup = 25A25C6F2A50C23E00FEFDED;
			productRefGroup = 25A25C792A50C23E00FEFDED /* Products */;
			projectDirPath = "";
			projectRoot = "";
			targets = (
				25A25C772A50C23E00FEFDED /* MovieNightPlanner */,
			);
		};
/* End PBXProject section */

/* Begin PBXResourcesBuildPhase section */
		25A25C762A50C23E00FEFDED /* Resources */ = {
			isa = PBXResourcesBuildPhase;
			buildActionMask = 2147483647;
			files = (
				25A25C832A50C23F00FEFDED /* Preview Assets.xcassets in Resources */,
				25A25C802A50C23F00FEFDED /* Assets.xcassets in Resources */,
				25A25C8A2A50C2AA00FEFDED /* GoogleService-Info.plist in Resources */,
				251C77DC2A558AEA00D36462 /* loading.lottie in Resources */,
			);
			runOnlyForDeploymentPostprocessing = 0;
		};
/* End PBXResourcesBuildPhase section */

/* Begin PBXShellScriptBuildPhase section */
		8BFD2F76D66C3A03ACD6069E /* [CP] Check Pods Manifest.lock */ = {
			isa = PBXShellScriptBuildPhase;
			buildActionMask = 2147483647;
			files = (
			);
			inputFileListPaths = (
			);
			inputPaths = (
				"${PODS_PODFILE_DIR_PATH}/Podfile.lock",
				"${PODS_ROOT}/Manifest.lock",
			);
			name = "[CP] Check Pods Manifest.lock";
			outputFileListPaths = (
			);
			outputPaths = (
				"$(DERIVED_FILE_DIR)/Pods-MovieNightPlanner-checkManifestLockResult.txt",
			);
			runOnlyForDeploymentPostprocessing = 0;
			shellPath = /bin/sh;
			shellScript = "diff \"${PODS_PODFILE_DIR_PATH}/Podfile.lock\" \"${PODS_ROOT}/Manifest.lock\" > /dev/null\nif [ $? != 0 ] ; then\n    # print error to STDERR\n    echo \"error: The sandbox is not in sync with the Podfile.lock. Run 'pod install' or update your CocoaPods installation.\" >&2\n    exit 1\nfi\n# This output is used by Xcode 'outputs' to avoid re-running this script phase.\necho \"SUCCESS\" > \"${SCRIPT_OUTPUT_FILE_0}\"\n";
			showEnvVarsInLog = 0;
		};
		A10F4E15F4BB9E9F9A20E0DF /* [CP] Embed Pods Frameworks */ = {
			isa = PBXShellScriptBuildPhase;
			buildActionMask = 2147483647;
			files = (
			);
			inputFileListPaths = (
				"${PODS_ROOT}/Target Support Files/Pods-MovieNightPlanner/Pods-MovieNightPlanner-frameworks-${CONFIGURATION}-input-files.xcfilelist",
			);
			name = "[CP] Embed Pods Frameworks";
			outputFileListPaths = (
				"${PODS_ROOT}/Target Support Files/Pods-MovieNightPlanner/Pods-MovieNightPlanner-frameworks-${CONFIGURATION}-output-files.xcfilelist",
			);
			runOnlyForDeploymentPostprocessing = 0;
			shellPath = /bin/sh;
			shellScript = "\"${PODS_ROOT}/Target Support Files/Pods-MovieNightPlanner/Pods-MovieNightPlanner-frameworks.sh\"\n";
			showEnvVarsInLog = 0;
		};
/* End PBXShellScriptBuildPhase section */

/* Begin PBXSourcesBuildPhase section */
		25A25C742A50C23E00FEFDED /* Sources */ = {
			isa = PBXSourcesBuildPhase;
			buildActionMask = 2147483647;
			files = (
				25A25C7E2A50C23E00FEFDED /* ContentView.swift in Sources */,
				251187422A59CC9800D24597 /* User.swift in Sources */,
				25EE718E2A5152C800B790BB /* Extensions.swift in Sources */,
				25EE71902A5152FE00B790BB /* Blur.swift in Sources */,
				257D93592A528D810047DDEC /* LoginTabView.swift in Sources */,
				25A25C7C2A50C23E00FEFDED /* MovieNightPlannerApp.swift in Sources */,
				25ED7B722A5C741C000A9F6B /* Constants.swift in Sources */,
				25EE71992A51AE6200B790BB /* MoviePosterView.swift in Sources */,
				257D935B2A528E3D0047DDEC /* SignUpTabView.swift in Sources */,
				25DDC6602A56F4B1006C43BD /* Tabs.swift in Sources */,
				25AC4F582A55D42F00152AF2 /* WelcomeView.swift in Sources */,
				2568CE962A576DD900AC5571 /* TabItemView.swift in Sources */,
				2568CE942A576D5000AC5571 /* ProfileView.swift in Sources */,
				2568CE922A576D4500AC5571 /* MoviesView.swift in Sources */,
				25ED7B742A5CA719000A9F6B /* CustomScrollView.swift in Sources */,
				25EE71972A51855B00B790BB /* AutoScrollBackgroundView.swift in Sources */,
				259483BF2A54513F00152705 /* UserViewModel.swift in Sources */,
				2568CE902A576D3500AC5571 /* EventsView.swift in Sources */,
				251187392A59375E00D24597 /* NavigationBarIcon.swift in Sources */,
				251187372A59373D00D24597 /* CustomNavigationBar.swift in Sources */,
				25CCB7E52A5AAE0700FBA93F /* ProfileViewModel.swift in Sources */,
				258703812A549444000A0218 /* LottieView.swift in Sources */,
				257D935D2A528EF40047DDEC /* CustomTextField.swift in Sources */,
				25AC4F562A55CD6A00152AF2 /* TabView.swift in Sources */,
			);
			runOnlyForDeploymentPostprocessing = 0;
		};
/* End PBXSourcesBuildPhase section */

/* Begin XCBuildConfiguration section */
		25A25C842A50C23F00FEFDED /* Debug */ = {
			isa = XCBuildConfiguration;
			buildSettings = {
				ALWAYS_SEARCH_USER_PATHS = NO;
				CLANG_ANALYZER_NONNULL = YES;
				CLANG_ANALYZER_NUMBER_OBJECT_CONVERSION = YES_AGGRESSIVE;
				CLANG_CXX_LANGUAGE_STANDARD = "gnu++20";
				CLANG_ENABLE_MODULES = YES;
				CLANG_ENABLE_OBJC_ARC = YES;
				CLANG_ENABLE_OBJC_WEAK = YES;
				CLANG_WARN_BLOCK_CAPTURE_AUTORELEASING = YES;
				CLANG_WARN_BOOL_CONVERSION = YES;
				CLANG_WARN_COMMA = YES;
				CLANG_WARN_CONSTANT_CONVERSION = YES;
				CLANG_WARN_DEPRECATED_OBJC_IMPLEMENTATIONS = YES;
				CLANG_WARN_DIRECT_OBJC_ISA_USAGE = YES_ERROR;
				CLANG_WARN_DOCUMENTATION_COMMENTS = YES;
				CLANG_WARN_EMPTY_BODY = YES;
				CLANG_WARN_ENUM_CONVERSION = YES;
				CLANG_WARN_INFINITE_RECURSION = YES;
				CLANG_WARN_INT_CONVERSION = YES;
				CLANG_WARN_NON_LITERAL_NULL_CONVERSION = YES;
				CLANG_WARN_OBJC_IMPLICIT_RETAIN_SELF = YES;
				CLANG_WARN_OBJC_LITERAL_CONVERSION = YES;
				CLANG_WARN_OBJC_ROOT_CLASS = YES_ERROR;
				CLANG_WARN_QUOTED_INCLUDE_IN_FRAMEWORK_HEADER = YES;
				CLANG_WARN_RANGE_LOOP_ANALYSIS = YES;
				CLANG_WARN_STRICT_PROTOTYPES = YES;
				CLANG_WARN_SUSPICIOUS_MOVE = YES;
				CLANG_WARN_UNGUARDED_AVAILABILITY = YES_AGGRESSIVE;
				CLANG_WARN_UNREACHABLE_CODE = YES;
				CLANG_WARN__DUPLICATE_METHOD_MATCH = YES;
				COPY_PHASE_STRIP = NO;
				DEBUG_INFORMATION_FORMAT = dwarf;
				ENABLE_STRICT_OBJC_MSGSEND = YES;
				ENABLE_TESTABILITY = YES;
				GCC_C_LANGUAGE_STANDARD = gnu11;
				GCC_DYNAMIC_NO_PIC = NO;
				GCC_NO_COMMON_BLOCKS = YES;
				GCC_OPTIMIZATION_LEVEL = 0;
				GCC_PREPROCESSOR_DEFINITIONS = (
					"DEBUG=1",
					"$(inherited)",
				);
				GCC_WARN_64_TO_32_BIT_CONVERSION = YES;
				GCC_WARN_ABOUT_RETURN_TYPE = YES_ERROR;
				GCC_WARN_UNDECLARED_SELECTOR = YES;
				GCC_WARN_UNINITIALIZED_AUTOS = YES_AGGRESSIVE;
				GCC_WARN_UNUSED_FUNCTION = YES;
				GCC_WARN_UNUSED_VARIABLE = YES;
				IPHONEOS_DEPLOYMENT_TARGET = 16.2;
				MTL_ENABLE_DEBUG_INFO = INCLUDE_SOURCE;
				MTL_FAST_MATH = YES;
				ONLY_ACTIVE_ARCH = YES;
				SDKROOT = iphoneos;
				SWIFT_ACTIVE_COMPILATION_CONDITIONS = DEBUG;
				SWIFT_OPTIMIZATION_LEVEL = "-Onone";
			};
			name = Debug;
		};
		25A25C852A50C23F00FEFDED /* Release */ = {
			isa = XCBuildConfiguration;
			buildSettings = {
				ALWAYS_SEARCH_USER_PATHS = NO;
				CLANG_ANALYZER_NONNULL = YES;
				CLANG_ANALYZER_NUMBER_OBJECT_CONVERSION = YES_AGGRESSIVE;
				CLANG_CXX_LANGUAGE_STANDARD = "gnu++20";
				CLANG_ENABLE_MODULES = YES;
				CLANG_ENABLE_OBJC_ARC = YES;
				CLANG_ENABLE_OBJC_WEAK = YES;
				CLANG_WARN_BLOCK_CAPTURE_AUTORELEASING = YES;
				CLANG_WARN_BOOL_CONVERSION = YES;
				CLANG_WARN_COMMA = YES;
				CLANG_WARN_CONSTANT_CONVERSION = YES;
				CLANG_WARN_DEPRECATED_OBJC_IMPLEMENTATIONS = YES;
				CLANG_WARN_DIRECT_OBJC_ISA_USAGE = YES_ERROR;
				CLANG_WARN_DOCUMENTATION_COMMENTS = YES;
				CLANG_WARN_EMPTY_BODY = YES;
				CLANG_WARN_ENUM_CONVERSION = YES;
				CLANG_WARN_INFINITE_RECURSION = YES;
				CLANG_WARN_INT_CONVERSION = YES;
				CLANG_WARN_NON_LITERAL_NULL_CONVERSION = YES;
				CLANG_WARN_OBJC_IMPLICIT_RETAIN_SELF = YES;
				CLANG_WARN_OBJC_LITERAL_CONVERSION = YES;
				CLANG_WARN_OBJC_ROOT_CLASS = YES_ERROR;
				CLANG_WARN_QUOTED_INCLUDE_IN_FRAMEWORK_HEADER = YES;
				CLANG_WARN_RANGE_LOOP_ANALYSIS = YES;
				CLANG_WARN_STRICT_PROTOTYPES = YES;
				CLANG_WARN_SUSPICIOUS_MOVE = YES;
				CLANG_WARN_UNGUARDED_AVAILABILITY = YES_AGGRESSIVE;
				CLANG_WARN_UNREACHABLE_CODE = YES;
				CLANG_WARN__DUPLICATE_METHOD_MATCH = YES;
				COPY_PHASE_STRIP = NO;
				DEBUG_INFORMATION_FORMAT = "dwarf-with-dsym";
				ENABLE_NS_ASSERTIONS = NO;
				ENABLE_STRICT_OBJC_MSGSEND = YES;
				GCC_C_LANGUAGE_STANDARD = gnu11;
				GCC_NO_COMMON_BLOCKS = YES;
				GCC_WARN_64_TO_32_BIT_CONVERSION = YES;
				GCC_WARN_ABOUT_RETURN_TYPE = YES_ERROR;
				GCC_WARN_UNDECLARED_SELECTOR = YES;
				GCC_WARN_UNINITIALIZED_AUTOS = YES_AGGRESSIVE;
				GCC_WARN_UNUSED_FUNCTION = YES;
				GCC_WARN_UNUSED_VARIABLE = YES;
				IPHONEOS_DEPLOYMENT_TARGET = 16.2;
				MTL_ENABLE_DEBUG_INFO = NO;
				MTL_FAST_MATH = YES;
				SDKROOT = iphoneos;
				SWIFT_COMPILATION_MODE = wholemodule;
				SWIFT_OPTIMIZATION_LEVEL = "-O";
				VALIDATE_PRODUCT = YES;
			};
			name = Release;
		};
		25A25C872A50C23F00FEFDED /* Debug */ = {
			isa = XCBuildConfiguration;
			baseConfigurationReference = 74AE4185B387BF28F266829A /* Pods-MovieNightPlanner.debug.xcconfig */;
			buildSettings = {
				ASSETCATALOG_COMPILER_APPICON_NAME = AppIcon;
				ASSETCATALOG_COMPILER_GLOBAL_ACCENT_COLOR_NAME = AccentColor;
				CODE_SIGN_STYLE = Automatic;
				CURRENT_PROJECT_VERSION = 1;
				DEVELOPMENT_ASSET_PATHS = "\"MovieNightPlanner/Preview Content\"";
				DEVELOPMENT_TEAM = K259F5W9P5;
				ENABLE_PREVIEWS = YES;
				GENERATE_INFOPLIST_FILE = YES;
				INFOPLIST_FILE = MovieNightPlanner/Info.plist;
				INFOPLIST_KEY_UIApplicationSceneManifest_Generation = YES;
				INFOPLIST_KEY_UIApplicationSupportsIndirectInputEvents = YES;
				INFOPLIST_KEY_UISupportedInterfaceOrientations_iPad = "UIInterfaceOrientationPortrait UIInterfaceOrientationPortraitUpsideDown UIInterfaceOrientationLandscapeLeft UIInterfaceOrientationLandscapeRight";
				INFOPLIST_KEY_UISupportedInterfaceOrientations_iPhone = "UIInterfaceOrientationPortrait UIInterfaceOrientationLandscapeLeft UIInterfaceOrientationLandscapeRight";
				LD_RUNPATH_SEARCH_PATHS = (
					"$(inherited)",
					"@executable_path/Frameworks",
				);
				MARKETING_VERSION = 1.0;
				PRODUCT_BUNDLE_IDENTIFIER = com.ozdemir.salih.MovieNightPlanner;
				PRODUCT_NAME = "$(TARGET_NAME)";
				SWIFT_EMIT_LOC_STRINGS = YES;
				SWIFT_VERSION = 5.0;
				TARGETED_DEVICE_FAMILY = "1,2";
			};
			name = Debug;
		};
		25A25C882A50C23F00FEFDED /* Release */ = {
			isa = XCBuildConfiguration;
			baseConfigurationReference = 6EE2D5F19F741C77C6B45854 /* Pods-MovieNightPlanner.release.xcconfig */;
			buildSettings = {
				ASSETCATALOG_COMPILER_APPICON_NAME = AppIcon;
				ASSETCATALOG_COMPILER_GLOBAL_ACCENT_COLOR_NAME = AccentColor;
				CODE_SIGN_STYLE = Automatic;
				CURRENT_PROJECT_VERSION = 1;
				DEVELOPMENT_ASSET_PATHS = "\"MovieNightPlanner/Preview Content\"";
				DEVELOPMENT_TEAM = K259F5W9P5;
				ENABLE_PREVIEWS = YES;
				GENERATE_INFOPLIST_FILE = YES;
				INFOPLIST_FILE = MovieNightPlanner/Info.plist;
				INFOPLIST_KEY_UIApplicationSceneManifest_Generation = YES;
				INFOPLIST_KEY_UIApplicationSupportsIndirectInputEvents = YES;
				INFOPLIST_KEY_UISupportedInterfaceOrientations_iPad = "UIInterfaceOrientationPortrait UIInterfaceOrientationPortraitUpsideDown UIInterfaceOrientationLandscapeLeft UIInterfaceOrientationLandscapeRight";
				INFOPLIST_KEY_UISupportedInterfaceOrientations_iPhone = "UIInterfaceOrientationPortrait UIInterfaceOrientationLandscapeLeft UIInterfaceOrientationLandscapeRight";
				LD_RUNPATH_SEARCH_PATHS = (
					"$(inherited)",
					"@executable_path/Frameworks",
				);
				MARKETING_VERSION = 1.0;
				PRODUCT_BUNDLE_IDENTIFIER = com.ozdemir.salih.MovieNightPlanner;
				PRODUCT_NAME = "$(TARGET_NAME)";
				SWIFT_EMIT_LOC_STRINGS = YES;
				SWIFT_VERSION = 5.0;
				TARGETED_DEVICE_FAMILY = "1,2";
			};
			name = Release;
		};
/* End XCBuildConfiguration section */

/* Begin XCConfigurationList section */
		25A25C732A50C23E00FEFDED /* Build configuration list for PBXProject "MovieNightPlanner" */ = {
			isa = XCConfigurationList;
			buildConfigurations = (
				25A25C842A50C23F00FEFDED /* Debug */,
				25A25C852A50C23F00FEFDED /* Release */,
			);
			defaultConfigurationIsVisible = 0;
			defaultConfigurationName = Release;
		};
		25A25C862A50C23F00FEFDED /* Build configuration list for PBXNativeTarget "MovieNightPlanner" */ = {
			isa = XCConfigurationList;
			buildConfigurations = (
				25A25C872A50C23F00FEFDED /* Debug */,
				25A25C882A50C23F00FEFDED /* Release */,
			);
			defaultConfigurationIsVisible = 0;
			defaultConfigurationName = Release;
		};
/* End XCConfigurationList section */
	};
	rootObject = 25A25C702A50C23E00FEFDED /* Project object */;
}
